{
  "name": "wrk_insta_clone",
  "requires": true,
  "lockfileVersion": 1,
  "dependencies": {
    "bootstrap-material-design": {
      "version": "4.1.1",
      "resolved": "https://registry.npmjs.org/bootstrap-material-design/-/bootstrap-material-design-4.1.1.tgz",
      "integrity": "sha1-h0M9sL9k1qCvsPX6qoYGE0ydJtI="
    },
    "dom7": {
      "version": "2.1.3",
      "resolved": "https://registry.npmjs.org/dom7/-/dom7-2.1.3.tgz",
      "integrity": "sha512-QTxHHDox+M6ZFz1zHPAHZKI3JOHY5iY4i9BK2uctlggxKQwRhO3q3HHFq1BKsT25Bm/ySSj70K6Wk/G4bs9rMQ==",
      "requires": {
        "ssr-window": "^1.0.1"
      }
    },
    "jquery": {
      "version": "3.5.0",
      "resolved": "https://registry.npmjs.org/jquery/-/jquery-3.5.0.tgz",
      "integrity": "sha512-Xb7SVYMvygPxbFMpTFQiHh1J7HClEaThguL15N/Gg37Lri/qKyhRGZYzHRyLH8Stq3Aow0LsHO2O2ci86fCrNQ=="
    },
    "material-design-icons": {
      "version": "3.0.1",
      "resolved": "https://registry.npmjs.org/material-design-icons/-/material-design-icons-3.0.1.tgz",
      "integrity": "sha1-mnHEh0chjrylHlGmbaaCA4zct78="
    },
    "rails-ujs": {
      "version": "5.2.4",
      "resolved": "https://registry.npmjs.org/rails-ujs/-/rails-ujs-5.2.4.tgz",
      "integrity": "sha512-Mzu6bnTBKn4IuJvP7BDJRy4lzvR1zMWVDeTdPwDubXBfxpFEKqwOi5Nb6tfE2SYtTd+bb3PRETf40I94jgKw3w=="
    },
    "ssr-window": {
      "version": "1.0.1",
      "resolved": "https://registry.npmjs.org/ssr-window/-/ssr-window-1.0.1.tgz",
      "integrity": "sha512-dgFqB+f00LJTEgb6UXhx0h+SrG50LJvti2yMKMqAgzfUmUXZrLSv2fjULF7AWGwK25EXu8+smLR3jYsJQChPsg=="
    },
    "swiper": {
      "version": "5.1.0",
      "resolved": "https://registry.npmjs.org/swiper/-/swiper-5.1.0.tgz",
      "integrity": "sha512-jqpTFnOfnvEPJ8q3nz5va7VI93IDYm3sQaOkYGAdNNGvPn3eFp6Z3MsABDmDyCL5/C6LDoSH6CWkA8IxOP2ZOQ==",
      "requires": {
        "dom7": "^2.1.3",
        "ssr-window": "^1.0.1"
      }
    }
  }
}
